
Microsoft Visual Studio Solution File, Format Version 12.00
# Visual Studio Version 16
VisualStudioVersion = 16.0.29418.71
MinimumVisualStudioVersion = 10.0.40219.1
Project("{FAE04EC0-301F-11D3-BF4B-00C04F79EFBC}") = "IssueTrackerWebApp", "IssueTrackerWebApp\IssueTrackerWebApp.csproj", "{947DEFB4-4060-4C05-853F-3B19AD13DA97}"
EndProject
Global
	GlobalSection(SolutionConfigurationPlatforms) = preSolution
		Debug|Any CPU = Debug|Any CPU
		Release|Any CPU = Release|Any CPU
	EndGlobalSection
	GlobalSection(ProjectConfigurationPlatforms) = postSolution
		{947DEFB4-4060-4C05-853F-3B19AD13DA97}.Debug|Any CPU.ActiveCfg = Debug|Any CPU
		{947DEFB4-4060-4C05-853F-3B19AD13DA97}.Debug|Any CPU.Build.0 = Debug|Any CPU
		{947DEFB4-4060-4C05-853F-3B19AD13DA97}.Release|Any CPU.ActiveCfg = Release|Any CPU
		{947DEFB4-4060-4C05-853F-3B19AD13DA97}.Release|Any CPU.Build.0 = Release|Any CPU
	EndGlobalSection
	GlobalSection(SolutionProperties) = preSolution
		HideSolutionNode = FALSE
	EndGlobalSection
	GlobalSection(ExtensibilityGlobals) = postSolution
		SolutionGuid = {453FEA5C-BED4-4A09-9F65-D8C163CC60C8}
	EndGlobalSection
EndGlobal
